<?xml version="1.0" encoding="utf-8"?>
<Project ToolsVersion="4.0" xmlns="http://schemas.microsoft.com/developer/msbuild/2003">
  <ItemGroup>
    <Filter Include="Source Files">
      <UniqueIdentifier>{4FC737F1-C7A5-4376-A066-2A32D752A2FF}</UniqueIdentifier>
      <Extensions>cpp;c;cc;cxx;c++;cppm;ixx;def;odl;idl;hpj;bat;asm;asmx</Extensions>
    </Filter>
    <Filter Include="Header Files">
      <UniqueIdentifier>{93995380-89BD-4b04-88EB-625FBE52EBFB}</UniqueIdentifier>
      <Extensions>h;hh;hpp;hxx;h++;hm;inl;inc;ipp;xsd</Extensions>
    </Filter>
    <Filter Include="Resource Files">
      <UniqueIdentifier>{67DA6AB6-F800-4c08-8B7A-83BB121AAD01}</UniqueIdentifier>
      <Extensions>rc;ico;cur;bmp;dlg;rc2;rct;bin;rgs;gif;jpg;jpeg;jpe;resx;tiff;tif;png;wav;mfcribbon-ms</Extensions>
    </Filter>
    <Filter Include="Application">
      <UniqueIdentifier>{05ee096e-2772-49b5-b54c-610e4028317f}</UniqueIdentifier>
    </Filter>
    <Filter Include="World">
      <UniqueIdentifier>{6f190467-579e-43f0-bba1-75561dc66a45}</UniqueIdentifier>
    </Filter>
    <Filter Include="Math">
      <UniqueIdentifier>{2ca5a884-40a2-4130-b561-c5f4869dfca5}</UniqueIdentifier>
    </Filter>
    <Filter Include="Actor">
      <UniqueIdentifier>{0105c1e7-3fd3-4644-b6b6-f13324c6e5ab}</UniqueIdentifier>
    </Filter>
    <Filter Include="EntityComponentSystem">
      <UniqueIdentifier>{6b30c791-dbde-48fe-a7e2-dc4ab2c15ff0}</UniqueIdentifier>
    </Filter>
    <Filter Include="utility">
      <UniqueIdentifier>{acb74daa-e254-44f7-82db-0cb88694d81b}</UniqueIdentifier>
    </Filter>
    <Filter Include="render">
      <UniqueIdentifier>{5727df85-ff71-47b7-8c6a-7f343c35fd6c}</UniqueIdentifier>
    </Filter>
  </ItemGroup>
  <ItemGroup>
    <ClCompile Include="src\main.cpp">
      <Filter>Application</Filter>
    </ClCompile>
    <ClCompile Include="math\plane.cpp">
      <Filter>Math</Filter>
    </ClCompile>
    <ClCompile Include="math\quaternion.cpp">
      <Filter>Math</Filter>
    </ClCompile>
    <ClCompile Include="math\sphere.cpp">
      <Filter>Math</Filter>
    </ClCompile>
    <ClCompile Include="math\triangle.cpp">
      <Filter>Math</Filter>
    </ClCompile>
    <ClCompile Include="math\matrixAlg.cpp">
      <Filter>Math</Filter>
    </ClCompile>
    <ClCompile Include="math\utility.cpp">
      <Filter>Math</Filter>
    </ClCompile>
    <ClCompile Include="src\application.cpp">
      <Filter>Application</Filter>
    </ClCompile>
    <ClCompile Include="src\controller.cpp">
      <Filter>Application</Filter>
    </ClCompile>
    <ClCompile Include="render\d3d.cpp">
      <Filter>render</Filter>
    </ClCompile>
    <ClCompile Include="src\debug.cpp">
      <Filter>utility</Filter>
    </ClCompile>
    <ClCompile Include="render\globals.cpp">
      <Filter>render</Filter>
    </ClCompile>
    <ClCompile Include="lighting.cpp">
      <Filter>utility</Filter>
    </ClCompile>
    <ClCompile Include="src\parallelExecutor.cpp">
      <Filter>Application</Filter>
    </ClCompile>
    <ClCompile Include="src\actor\mesh.cpp">
      <Filter>Actor</Filter>
    </ClCompile>
    <ClCompile Include="src\scene.cpp">
      <Filter>World</Filter>
    </ClCompile>
    <ClCompile Include="render\shader.cpp">
      <Filter>render</Filter>
    </ClCompile>
    <ClCompile Include="src\window.cpp">
      <Filter>Application</Filter>
    </ClCompile>
    <ClCompile Include="src\actor\model.cpp">
      <Filter>Actor</Filter>
    </ClCompile>
  </ItemGroup>
  <ItemGroup>
    <ClInclude Include="math\matrixAlg.hpp">
      <Filter>Math</Filter>
    </ClInclude>
    <ClInclude Include="math\plane.hpp">
      <Filter>Math</Filter>
    </ClInclude>
    <ClInclude Include="math\quaternion.hpp">
      <Filter>Math</Filter>
    </ClInclude>
    <ClInclude Include="math\sphere.hpp">
      <Filter>Math</Filter>
    </ClInclude>
    <ClInclude Include="math\triangle.hpp">
      <Filter>Math</Filter>
    </ClInclude>
    <ClInclude Include="math\hitable.hpp">
      <Filter>Math</Filter>
    </ClInclude>
    <ClInclude Include="math\ray.hpp">
      <Filter>Math</Filter>
    </ClInclude>
    <ClInclude Include="math\utility.hpp">
      <Filter>Math</Filter>
    </ClInclude>
    <ClInclude Include="src\scene.hpp">
      <Filter>World</Filter>
    </ClInclude>
    <ClInclude Include="src\cube.hpp">
      <Filter>Actor</Filter>
    </ClInclude>
    <ClInclude Include="src\parallelExecutor.hpp">
      <Filter>Application</Filter>
    </ClInclude>
    <ClInclude Include="src\actor\mesh.hpp">
      <Filter>Actor</Filter>
    </ClInclude>
    <ClInclude Include="src\actor\material.hpp">
      <Filter>Actor</Filter>
    </ClInclude>
    <ClInclude Include="src\controller.hpp">
      <Filter>Application</Filter>
    </ClInclude>
    <ClInclude Include="src\application.hpp">
      <Filter>Application</Filter>
    </ClInclude>
    <ClInclude Include="src\debug.hpp">
      <Filter>utility</Filter>
    </ClInclude>
    <ClInclude Include="src\window.hpp">
      <Filter>Application</Filter>
    </ClInclude>
    <ClInclude Include="render\shader.hpp">
      <Filter>render</Filter>
    </ClInclude>
    <ClInclude Include="src\timer.hpp">
      <Filter>Application</Filter>
    </ClInclude>
    <ClInclude Include="src\actor\vertex.hpp">
      <Filter>Actor</Filter>
    </ClInclude>
    <ClInclude Include="include\win.hpp">
      <Filter>Application</Filter>
    </ClInclude>
    <ClInclude Include="render\globals.hpp">
      <Filter>render</Filter>
    </ClInclude>
    <ClInclude Include="render\DxRes.hpp">
      <Filter>render</Filter>
    </ClInclude>
    <ClInclude Include="render\d3d.hpp">
      <Filter>render</Filter>
    </ClInclude>
    <ClInclude Include="src\constants.hpp">
      <Filter>utility</Filter>
    </ClInclude>
  </ItemGroup>
  <ItemGroup>
    <None Include="render\shaders\vertex.shader" />
    <None Include="render\shaders\pixel.shader" />
  </ItemGroup>
</Project>